
Microsoft Visual Studio Solution File, Format Version 12.00
# Visual Studio 2013
VisualStudioVersion = 12.0.30110.0
MinimumVisualStudioVersion = 10.0.40219.1
Project("{FAE04EC0-301F-11D3-BF4B-00C04F79EFBC}") = "RMV Awesome PCL", "RMV Awesome PCL\RMV Awesome PCL.csproj", "{BE018E56-9A0F-460F-9E06-48F565CAAAA0}"
EndProject
Project("{FAE04EC0-301F-11D3-BF4B-00C04F79EFBC}") = "RMV Awesome W8", "RMV Awesome W8\RMV Awesome W8.csproj", "{FEAB0F03-1F09-45A2-AED4-E1C28A74D699}"
EndProject
Project("{FAE04EC0-301F-11D3-BF4B-00C04F79EFBC}") = "RMV.Awesome.WP8", "RMV Awesome WP8\RMV.Awesome.WP8\RMV.Awesome.WP8.csproj", "{A610C0A7-D2E7-4FBA-9FBF-8F2BA579809F}"
EndProject
Project("{FAE04EC0-301F-11D3-BF4B-00C04F79EFBC}") = "ADSUtil", "ADSUtil\ADSUtil.csproj", "{E4C011F2-2B43-468E-9664-C35FB01876C4}"
EndProject
Global
	GlobalSection(SolutionConfigurationPlatforms) = preSolution
		Debug|Any CPU = Debug|Any CPU
		Debug|ARM = Debug|ARM
		Debug|x64 = Debug|x64
		Debug|x86 = Debug|x86
		Release|Any CPU = Release|Any CPU
		Release|ARM = Release|ARM
		Release|x64 = Release|x64
		Release|x86 = Release|x86
	EndGlobalSection
	GlobalSection(ProjectConfigurationPlatforms) = postSolution
		{BE018E56-9A0F-460F-9E06-48F565CAAAA0}.Debug|Any CPU.ActiveCfg = Debug|Any CPU
		{BE018E56-9A0F-460F-9E06-48F565CAAAA0}.Debug|Any CPU.Build.0 = Debug|Any CPU
		{BE018E56-9A0F-460F-9E06-48F565CAAAA0}.Debug|ARM.ActiveCfg = Debug|Any CPU
		{BE018E56-9A0F-460F-9E06-48F565CAAAA0}.Debug|x64.ActiveCfg = Debug|Any CPU
		{BE018E56-9A0F-460F-9E06-48F565CAAAA0}.Debug|x86.ActiveCfg = Debug|Any CPU
		{BE018E56-9A0F-460F-9E06-48F565CAAAA0}.Release|Any CPU.ActiveCfg = Release|Any CPU
		{BE018E56-9A0F-460F-9E06-48F565CAAAA0}.Release|Any CPU.Build.0 = Release|Any CPU
		{BE018E56-9A0F-460F-9E06-48F565CAAAA0}.Release|ARM.ActiveCfg = Release|Any CPU
		{BE018E56-9A0F-460F-9E06-48F565CAAAA0}.Release|x64.ActiveCfg = Release|Any CPU
		{BE018E56-9A0F-460F-9E06-48F565CAAAA0}.Release|x86.ActiveCfg = Release|Any CPU
		{FEAB0F03-1F09-45A2-AED4-E1C28A74D699}.Debug|Any CPU.ActiveCfg = Debug|Any CPU
		{FEAB0F03-1F09-45A2-AED4-E1C28A74D699}.Debug|Any CPU.Build.0 = Debug|Any CPU
		{FEAB0F03-1F09-45A2-AED4-E1C28A74D699}.Debug|Any CPU.Deploy.0 = Debug|Any CPU
		{FEAB0F03-1F09-45A2-AED4-E1C28A74D699}.Debug|ARM.ActiveCfg = Debug|ARM
		{FEAB0F03-1F09-45A2-AED4-E1C28A74D699}.Debug|ARM.Build.0 = Debug|ARM
		{FEAB0F03-1F09-45A2-AED4-E1C28A74D699}.Debug|ARM.Deploy.0 = Debug|ARM
		{FEAB0F03-1F09-45A2-AED4-E1C28A74D699}.Debug|x64.ActiveCfg = Debug|x64
		{FEAB0F03-1F09-45A2-AED4-E1C28A74D699}.Debug|x64.Build.0 = Debug|x64
		{FEAB0F03-1F09-45A2-AED4-E1C28A74D699}.Debug|x64.Deploy.0 = Debug|x64
		{FEAB0F03-1F09-45A2-AED4-E1C28A74D699}.Debug|x86.ActiveCfg = Debug|x86
		{FEAB0F03-1F09-45A2-AED4-E1C28A74D699}.Debug|x86.Build.0 = Debug|x86
		{FEAB0F03-1F09-45A2-AED4-E1C28A74D699}.Debug|x86.Deploy.0 = Debug|x86
		{FEAB0F03-1F09-45A2-AED4-E1C28A74D699}.Release|Any CPU.ActiveCfg = Release|Any CPU
		{FEAB0F03-1F09-45A2-AED4-E1C28A74D699}.Release|Any CPU.Build.0 = Release|Any CPU
		{FEAB0F03-1F09-45A2-AED4-E1C28A74D699}.Release|Any CPU.Deploy.0 = Release|Any CPU
		{FEAB0F03-1F09-45A2-AED4-E1C28A74D699}.Release|ARM.ActiveCfg = Release|ARM
		{FEAB0F03-1F09-45A2-AED4-E1C28A74D699}.Release|ARM.Build.0 = Release|ARM
		{FEAB0F03-1F09-45A2-AED4-E1C28A74D699}.Release|ARM.Deploy.0 = Release|ARM
		{FEAB0F03-1F09-45A2-AED4-E1C28A74D699}.Release|x64.ActiveCfg = Release|x64
		{FEAB0F03-1F09-45A2-AED4-E1C28A74D699}.Release|x64.Build.0 = Release|x64
		{FEAB0F03-1F09-45A2-AED4-E1C28A74D699}.Release|x64.Deploy.0 = Release|x64
		{FEAB0F03-1F09-45A2-AED4-E1C28A74D699}.Release|x86.ActiveCfg = Release|x86
		{FEAB0F03-1F09-45A2-AED4-E1C28A74D699}.Release|x86.Build.0 = Release|x86
		{FEAB0F03-1F09-45A2-AED4-E1C28A74D699}.Release|x86.Deploy.0 = Release|x86
		{A610C0A7-D2E7-4FBA-9FBF-8F2BA579809F}.Debug|Any CPU.ActiveCfg = Debug|Any CPU
		{A610C0A7-D2E7-4FBA-9FBF-8F2BA579809F}.Debug|Any CPU.Build.0 = Debug|Any CPU
		{A610C0A7-D2E7-4FBA-9FBF-8F2BA579809F}.Debug|Any CPU.Deploy.0 = Debug|Any CPU
		{A610C0A7-D2E7-4FBA-9FBF-8F2BA579809F}.Debug|ARM.ActiveCfg = Debug|ARM
		{A610C0A7-D2E7-4FBA-9FBF-8F2BA579809F}.Debug|ARM.Build.0 = Debug|ARM
		{A610C0A7-D2E7-4FBA-9FBF-8F2BA579809F}.Debug|ARM.Deploy.0 = Debug|ARM
		{A610C0A7-D2E7-4FBA-9FBF-8F2BA579809F}.Debug|x64.ActiveCfg = Debug|Any CPU
		{A610C0A7-D2E7-4FBA-9FBF-8F2BA579809F}.Debug|x86.ActiveCfg = Debug|x86
		{A610C0A7-D2E7-4FBA-9FBF-8F2BA579809F}.Debug|x86.Build.0 = Debug|x86
		{A610C0A7-D2E7-4FBA-9FBF-8F2BA579809F}.Debug|x86.Deploy.0 = Debug|x86
		{A610C0A7-D2E7-4FBA-9FBF-8F2BA579809F}.Release|Any CPU.ActiveCfg = Release|Any CPU
		{A610C0A7-D2E7-4FBA-9FBF-8F2BA579809F}.Release|Any CPU.Build.0 = Release|Any CPU
		{A610C0A7-D2E7-4FBA-9FBF-8F2BA579809F}.Release|Any CPU.Deploy.0 = Release|Any CPU
		{A610C0A7-D2E7-4FBA-9FBF-8F2BA579809F}.Release|ARM.ActiveCfg = Release|ARM
		{A610C0A7-D2E7-4FBA-9FBF-8F2BA579809F}.Release|ARM.Build.0 = Release|ARM
		{A610C0A7-D2E7-4FBA-9FBF-8F2BA579809F}.Release|ARM.Deploy.0 = Release|ARM
		{A610C0A7-D2E7-4FBA-9FBF-8F2BA579809F}.Release|x64.ActiveCfg = Release|Any CPU
		{A610C0A7-D2E7-4FBA-9FBF-8F2BA579809F}.Release|x86.ActiveCfg = Release|x86
		{A610C0A7-D2E7-4FBA-9FBF-8F2BA579809F}.Release|x86.Build.0 = Release|x86
		{A610C0A7-D2E7-4FBA-9FBF-8F2BA579809F}.Release|x86.Deploy.0 = Release|x86
		{E4C011F2-2B43-468E-9664-C35FB01876C4}.Debug|Any CPU.ActiveCfg = Debug|Any CPU
		{E4C011F2-2B43-468E-9664-C35FB01876C4}.Debug|Any CPU.Build.0 = Debug|Any CPU
		{E4C011F2-2B43-468E-9664-C35FB01876C4}.Debug|Any CPU.Deploy.0 = Debug|Any CPU
		{E4C011F2-2B43-468E-9664-C35FB01876C4}.Debug|ARM.ActiveCfg = Debug|ARM
		{E4C011F2-2B43-468E-9664-C35FB01876C4}.Debug|ARM.Build.0 = Debug|ARM
		{E4C011F2-2B43-468E-9664-C35FB01876C4}.Debug|ARM.Deploy.0 = Debug|ARM
		{E4C011F2-2B43-468E-9664-C35FB01876C4}.Debug|x64.ActiveCfg = Debug|x64
		{E4C011F2-2B43-468E-9664-C35FB01876C4}.Debug|x64.Build.0 = Debug|x64
		{E4C011F2-2B43-468E-9664-C35FB01876C4}.Debug|x64.Deploy.0 = Debug|x64
		{E4C011F2-2B43-468E-9664-C35FB01876C4}.Debug|x86.ActiveCfg = Debug|x86
		{E4C011F2-2B43-468E-9664-C35FB01876C4}.Debug|x86.Build.0 = Debug|x86
		{E4C011F2-2B43-468E-9664-C35FB01876C4}.Debug|x86.Deploy.0 = Debug|x86
		{E4C011F2-2B43-468E-9664-C35FB01876C4}.Release|Any CPU.ActiveCfg = Release|Any CPU
		{E4C011F2-2B43-468E-9664-C35FB01876C4}.Release|Any CPU.Build.0 = Release|Any CPU
		{E4C011F2-2B43-468E-9664-C35FB01876C4}.Release|Any CPU.Deploy.0 = Release|Any CPU
		{E4C011F2-2B43-468E-9664-C35FB01876C4}.Release|ARM.ActiveCfg = Release|ARM
		{E4C011F2-2B43-468E-9664-C35FB01876C4}.Release|ARM.Build.0 = Release|ARM
		{E4C011F2-2B43-468E-9664-C35FB01876C4}.Release|ARM.Deploy.0 = Release|ARM
		{E4C011F2-2B43-468E-9664-C35FB01876C4}.Release|x64.ActiveCfg = Release|x64
		{E4C011F2-2B43-468E-9664-C35FB01876C4}.Release|x64.Build.0 = Release|x64
		{E4C011F2-2B43-468E-9664-C35FB01876C4}.Release|x64.Deploy.0 = Release|x64
		{E4C011F2-2B43-468E-9664-C35FB01876C4}.Release|x86.ActiveCfg = Release|x86
		{E4C011F2-2B43-468E-9664-C35FB01876C4}.Release|x86.Build.0 = Release|x86
		{E4C011F2-2B43-468E-9664-C35FB01876C4}.Release|x86.Deploy.0 = Release|x86
	EndGlobalSection
	GlobalSection(SolutionProperties) = preSolution
		HideSolutionNode = FALSE
	EndGlobalSection
EndGlobal
