
Microsoft Visual Studio Solution File, Format Version 12.00
# Visual Studio 2013
VisualStudioVersion = 12.0.30110.0
MinimumVisualStudioVersion = 10.0.40219.1
Project("{FAE04EC0-301F-11D3-BF4B-00C04F79EFBC}") = "RMV.Awesome.PCL", "RMV Awesome PCL\RMV.Awesome.PCL.csproj", "{BE018E56-9A0F-460F-9E06-48F565CAAAA0}"
EndProject
Project("{FAE04EC0-301F-11D3-BF4B-00C04F79EFBC}") = "RMV.Awesome.W8", "RMV Awesome W8\RMV.Awesome.W8.csproj", "{FEAB0F03-1F09-45A2-AED4-E1C28A74D699}"
EndProject
Project("{FAE04EC0-301F-11D3-BF4B-00C04F79EFBC}") = "RMV.Awesome.WP8", "RMV Awesome WP8\RMV.Awesome.WP8\RMV.Awesome.WP8.csproj", "{A610C0A7-D2E7-4FBA-9FBF-8F2BA579809F}"
EndProject
Project("{FAE04EC0-301F-11D3-BF4B-00C04F79EFBC}") = "ADSUtil", "ADSUtil\ADSUtil.csproj", "{E4C011F2-2B43-468E-9664-C35FB01876C4}"
EndProject
Project("{2150E333-8FDC-42A3-9474-1A3956D46DE8}") = ".nuget", ".nuget", "{6869057B-74DC-4A80-9A02-96CB73D6A494}"
	ProjectSection(SolutionItems) = preProject
		.nuget\NuGet.Config = .nuget\NuGet.Config
		.nuget\NuGet.exe = .nuget\NuGet.exe
		.nuget\NuGet.targets = .nuget\NuGet.targets
	EndProjectSection
EndProject
Project("{FAE04EC0-301F-11D3-BF4B-00C04F79EFBC}") = "RMV.Awesome.Droid", "RMV.Awesome.Android\RMV.Awesome.Droid.csproj", "{F4B5D8E2-3241-4A44-AB47-EF22D6D4989A}"
EndProject
Global
	GlobalSection(SolutionConfigurationPlatforms) = preSolution
		Ad-Hoc|Any CPU = Ad-Hoc|Any CPU
		Ad-Hoc|ARM = Ad-Hoc|ARM
		Ad-Hoc|iPhone = Ad-Hoc|iPhone
		Ad-Hoc|iPhoneSimulator = Ad-Hoc|iPhoneSimulator
		Ad-Hoc|Mixed Platforms = Ad-Hoc|Mixed Platforms
		Ad-Hoc|x64 = Ad-Hoc|x64
		Ad-Hoc|x86 = Ad-Hoc|x86
		AppStore|Any CPU = AppStore|Any CPU
		AppStore|ARM = AppStore|ARM
		AppStore|iPhone = AppStore|iPhone
		AppStore|iPhoneSimulator = AppStore|iPhoneSimulator
		AppStore|Mixed Platforms = AppStore|Mixed Platforms
		AppStore|x64 = AppStore|x64
		AppStore|x86 = AppStore|x86
		Debug|Any CPU = Debug|Any CPU
		Debug|ARM = Debug|ARM
		Debug|iPhone = Debug|iPhone
		Debug|iPhoneSimulator = Debug|iPhoneSimulator
		Debug|Mixed Platforms = Debug|Mixed Platforms
		Debug|x64 = Debug|x64
		Debug|x86 = Debug|x86
		Release|Any CPU = Release|Any CPU
		Release|ARM = Release|ARM
		Release|iPhone = Release|iPhone
		Release|iPhoneSimulator = Release|iPhoneSimulator
		Release|Mixed Platforms = Release|Mixed Platforms
		Release|x64 = Release|x64
		Release|x86 = Release|x86
	EndGlobalSection
	GlobalSection(ProjectConfigurationPlatforms) = postSolution
		{BE018E56-9A0F-460F-9E06-48F565CAAAA0}.Ad-Hoc|Any CPU.ActiveCfg = Release|Any CPU
		{BE018E56-9A0F-460F-9E06-48F565CAAAA0}.Ad-Hoc|Any CPU.Build.0 = Release|Any CPU
		{BE018E56-9A0F-460F-9E06-48F565CAAAA0}.Ad-Hoc|ARM.ActiveCfg = Release|Any CPU
		{BE018E56-9A0F-460F-9E06-48F565CAAAA0}.Ad-Hoc|iPhone.ActiveCfg = Release|Any CPU
		{BE018E56-9A0F-460F-9E06-48F565CAAAA0}.Ad-Hoc|iPhoneSimulator.ActiveCfg = Release|Any CPU
		{BE018E56-9A0F-460F-9E06-48F565CAAAA0}.Ad-Hoc|Mixed Platforms.ActiveCfg = Release|Any CPU
		{BE018E56-9A0F-460F-9E06-48F565CAAAA0}.Ad-Hoc|Mixed Platforms.Build.0 = Release|Any CPU
		{BE018E56-9A0F-460F-9E06-48F565CAAAA0}.Ad-Hoc|x64.ActiveCfg = Release|Any CPU
		{BE018E56-9A0F-460F-9E06-48F565CAAAA0}.Ad-Hoc|x86.ActiveCfg = Release|Any CPU
		{BE018E56-9A0F-460F-9E06-48F565CAAAA0}.AppStore|Any CPU.ActiveCfg = Release|Any CPU
		{BE018E56-9A0F-460F-9E06-48F565CAAAA0}.AppStore|Any CPU.Build.0 = Release|Any CPU
		{BE018E56-9A0F-460F-9E06-48F565CAAAA0}.AppStore|ARM.ActiveCfg = Release|Any CPU
		{BE018E56-9A0F-460F-9E06-48F565CAAAA0}.AppStore|iPhone.ActiveCfg = Release|Any CPU
		{BE018E56-9A0F-460F-9E06-48F565CAAAA0}.AppStore|iPhoneSimulator.ActiveCfg = Release|Any CPU
		{BE018E56-9A0F-460F-9E06-48F565CAAAA0}.AppStore|Mixed Platforms.ActiveCfg = Release|Any CPU
		{BE018E56-9A0F-460F-9E06-48F565CAAAA0}.AppStore|Mixed Platforms.Build.0 = Release|Any CPU
		{BE018E56-9A0F-460F-9E06-48F565CAAAA0}.AppStore|x64.ActiveCfg = Release|Any CPU
		{BE018E56-9A0F-460F-9E06-48F565CAAAA0}.AppStore|x86.ActiveCfg = Release|Any CPU
		{BE018E56-9A0F-460F-9E06-48F565CAAAA0}.Debug|Any CPU.ActiveCfg = Debug|Any CPU
		{BE018E56-9A0F-460F-9E06-48F565CAAAA0}.Debug|Any CPU.Build.0 = Debug|Any CPU
		{BE018E56-9A0F-460F-9E06-48F565CAAAA0}.Debug|ARM.ActiveCfg = Debug|Any CPU
		{BE018E56-9A0F-460F-9E06-48F565CAAAA0}.Debug|iPhone.ActiveCfg = Debug|Any CPU
		{BE018E56-9A0F-460F-9E06-48F565CAAAA0}.Debug|iPhoneSimulator.ActiveCfg = Debug|Any CPU
		{BE018E56-9A0F-460F-9E06-48F565CAAAA0}.Debug|Mixed Platforms.ActiveCfg = Debug|Any CPU
		{BE018E56-9A0F-460F-9E06-48F565CAAAA0}.Debug|Mixed Platforms.Build.0 = Debug|Any CPU
		{BE018E56-9A0F-460F-9E06-48F565CAAAA0}.Debug|x64.ActiveCfg = Debug|Any CPU
		{BE018E56-9A0F-460F-9E06-48F565CAAAA0}.Debug|x86.ActiveCfg = Debug|Any CPU
		{BE018E56-9A0F-460F-9E06-48F565CAAAA0}.Release|Any CPU.ActiveCfg = Release|Any CPU
		{BE018E56-9A0F-460F-9E06-48F565CAAAA0}.Release|Any CPU.Build.0 = Release|Any CPU
		{BE018E56-9A0F-460F-9E06-48F565CAAAA0}.Release|ARM.ActiveCfg = Release|Any CPU
		{BE018E56-9A0F-460F-9E06-48F565CAAAA0}.Release|iPhone.ActiveCfg = Release|Any CPU
		{BE018E56-9A0F-460F-9E06-48F565CAAAA0}.Release|iPhoneSimulator.ActiveCfg = Release|Any CPU
		{BE018E56-9A0F-460F-9E06-48F565CAAAA0}.Release|Mixed Platforms.ActiveCfg = Release|Any CPU
		{BE018E56-9A0F-460F-9E06-48F565CAAAA0}.Release|Mixed Platforms.Build.0 = Release|Any CPU
		{BE018E56-9A0F-460F-9E06-48F565CAAAA0}.Release|x64.ActiveCfg = Release|Any CPU
		{BE018E56-9A0F-460F-9E06-48F565CAAAA0}.Release|x86.ActiveCfg = Release|Any CPU
		{FEAB0F03-1F09-45A2-AED4-E1C28A74D699}.Ad-Hoc|Any CPU.ActiveCfg = Release|Any CPU
		{FEAB0F03-1F09-45A2-AED4-E1C28A74D699}.Ad-Hoc|Any CPU.Build.0 = Release|Any CPU
		{FEAB0F03-1F09-45A2-AED4-E1C28A74D699}.Ad-Hoc|Any CPU.Deploy.0 = Release|Any CPU
		{FEAB0F03-1F09-45A2-AED4-E1C28A74D699}.Ad-Hoc|ARM.ActiveCfg = Release|ARM
		{FEAB0F03-1F09-45A2-AED4-E1C28A74D699}.Ad-Hoc|ARM.Build.0 = Release|ARM
		{FEAB0F03-1F09-45A2-AED4-E1C28A74D699}.Ad-Hoc|ARM.Deploy.0 = Release|ARM
		{FEAB0F03-1F09-45A2-AED4-E1C28A74D699}.Ad-Hoc|iPhone.ActiveCfg = Release|Any CPU
		{FEAB0F03-1F09-45A2-AED4-E1C28A74D699}.Ad-Hoc|iPhoneSimulator.ActiveCfg = Release|Any CPU
		{FEAB0F03-1F09-45A2-AED4-E1C28A74D699}.Ad-Hoc|Mixed Platforms.ActiveCfg = Release|x86
		{FEAB0F03-1F09-45A2-AED4-E1C28A74D699}.Ad-Hoc|Mixed Platforms.Build.0 = Release|x86
		{FEAB0F03-1F09-45A2-AED4-E1C28A74D699}.Ad-Hoc|Mixed Platforms.Deploy.0 = Release|x86
		{FEAB0F03-1F09-45A2-AED4-E1C28A74D699}.Ad-Hoc|x64.ActiveCfg = Release|x64
		{FEAB0F03-1F09-45A2-AED4-E1C28A74D699}.Ad-Hoc|x64.Build.0 = Release|x64
		{FEAB0F03-1F09-45A2-AED4-E1C28A74D699}.Ad-Hoc|x64.Deploy.0 = Release|x64
		{FEAB0F03-1F09-45A2-AED4-E1C28A74D699}.Ad-Hoc|x86.ActiveCfg = Release|x86
		{FEAB0F03-1F09-45A2-AED4-E1C28A74D699}.Ad-Hoc|x86.Build.0 = Release|x86
		{FEAB0F03-1F09-45A2-AED4-E1C28A74D699}.Ad-Hoc|x86.Deploy.0 = Release|x86
		{FEAB0F03-1F09-45A2-AED4-E1C28A74D699}.AppStore|Any CPU.ActiveCfg = Release|Any CPU
		{FEAB0F03-1F09-45A2-AED4-E1C28A74D699}.AppStore|Any CPU.Build.0 = Release|Any CPU
		{FEAB0F03-1F09-45A2-AED4-E1C28A74D699}.AppStore|Any CPU.Deploy.0 = Release|Any CPU
		{FEAB0F03-1F09-45A2-AED4-E1C28A74D699}.AppStore|ARM.ActiveCfg = Release|ARM
		{FEAB0F03-1F09-45A2-AED4-E1C28A74D699}.AppStore|ARM.Build.0 = Release|ARM
		{FEAB0F03-1F09-45A2-AED4-E1C28A74D699}.AppStore|ARM.Deploy.0 = Release|ARM
		{FEAB0F03-1F09-45A2-AED4-E1C28A74D699}.AppStore|iPhone.ActiveCfg = Release|Any CPU
		{FEAB0F03-1F09-45A2-AED4-E1C28A74D699}.AppStore|iPhoneSimulator.ActiveCfg = Release|Any CPU
		{FEAB0F03-1F09-45A2-AED4-E1C28A74D699}.AppStore|Mixed Platforms.ActiveCfg = Release|x86
		{FEAB0F03-1F09-45A2-AED4-E1C28A74D699}.AppStore|Mixed Platforms.Build.0 = Release|x86
		{FEAB0F03-1F09-45A2-AED4-E1C28A74D699}.AppStore|Mixed Platforms.Deploy.0 = Release|x86
		{FEAB0F03-1F09-45A2-AED4-E1C28A74D699}.AppStore|x64.ActiveCfg = Release|x64
		{FEAB0F03-1F09-45A2-AED4-E1C28A74D699}.AppStore|x64.Build.0 = Release|x64
		{FEAB0F03-1F09-45A2-AED4-E1C28A74D699}.AppStore|x64.Deploy.0 = Release|x64
		{FEAB0F03-1F09-45A2-AED4-E1C28A74D699}.AppStore|x86.ActiveCfg = Release|x86
		{FEAB0F03-1F09-45A2-AED4-E1C28A74D699}.AppStore|x86.Build.0 = Release|x86
		{FEAB0F03-1F09-45A2-AED4-E1C28A74D699}.AppStore|x86.Deploy.0 = Release|x86
		{FEAB0F03-1F09-45A2-AED4-E1C28A74D699}.Debug|Any CPU.ActiveCfg = Debug|Any CPU
		{FEAB0F03-1F09-45A2-AED4-E1C28A74D699}.Debug|Any CPU.Build.0 = Debug|Any CPU
		{FEAB0F03-1F09-45A2-AED4-E1C28A74D699}.Debug|Any CPU.Deploy.0 = Debug|Any CPU
		{FEAB0F03-1F09-45A2-AED4-E1C28A74D699}.Debug|ARM.ActiveCfg = Debug|ARM
		{FEAB0F03-1F09-45A2-AED4-E1C28A74D699}.Debug|ARM.Build.0 = Debug|ARM
		{FEAB0F03-1F09-45A2-AED4-E1C28A74D699}.Debug|ARM.Deploy.0 = Debug|ARM
		{FEAB0F03-1F09-45A2-AED4-E1C28A74D699}.Debug|iPhone.ActiveCfg = Debug|Any CPU
		{FEAB0F03-1F09-45A2-AED4-E1C28A74D699}.Debug|iPhoneSimulator.ActiveCfg = Debug|Any CPU
		{FEAB0F03-1F09-45A2-AED4-E1C28A74D699}.Debug|Mixed Platforms.ActiveCfg = Debug|x86
		{FEAB0F03-1F09-45A2-AED4-E1C28A74D699}.Debug|Mixed Platforms.Build.0 = Debug|x86
		{FEAB0F03-1F09-45A2-AED4-E1C28A74D699}.Debug|Mixed Platforms.Deploy.0 = Debug|x86
		{FEAB0F03-1F09-45A2-AED4-E1C28A74D699}.Debug|x64.ActiveCfg = Debug|x64
		{FEAB0F03-1F09-45A2-AED4-E1C28A74D699}.Debug|x64.Build.0 = Debug|x64
		{FEAB0F03-1F09-45A2-AED4-E1C28A74D699}.Debug|x64.Deploy.0 = Debug|x64
		{FEAB0F03-1F09-45A2-AED4-E1C28A74D699}.Debug|x86.ActiveCfg = Debug|x86
		{FEAB0F03-1F09-45A2-AED4-E1C28A74D699}.Debug|x86.Build.0 = Debug|x86
		{FEAB0F03-1F09-45A2-AED4-E1C28A74D699}.Debug|x86.Deploy.0 = Debug|x86
		{FEAB0F03-1F09-45A2-AED4-E1C28A74D699}.Release|Any CPU.ActiveCfg = Release|Any CPU
		{FEAB0F03-1F09-45A2-AED4-E1C28A74D699}.Release|Any CPU.Build.0 = Release|Any CPU
		{FEAB0F03-1F09-45A2-AED4-E1C28A74D699}.Release|Any CPU.Deploy.0 = Release|Any CPU
		{FEAB0F03-1F09-45A2-AED4-E1C28A74D699}.Release|ARM.ActiveCfg = Release|ARM
		{FEAB0F03-1F09-45A2-AED4-E1C28A74D699}.Release|ARM.Build.0 = Release|ARM
		{FEAB0F03-1F09-45A2-AED4-E1C28A74D699}.Release|ARM.Deploy.0 = Release|ARM
		{FEAB0F03-1F09-45A2-AED4-E1C28A74D699}.Release|iPhone.ActiveCfg = Release|Any CPU
		{FEAB0F03-1F09-45A2-AED4-E1C28A74D699}.Release|iPhoneSimulator.ActiveCfg = Release|Any CPU
		{FEAB0F03-1F09-45A2-AED4-E1C28A74D699}.Release|Mixed Platforms.ActiveCfg = Release|x86
		{FEAB0F03-1F09-45A2-AED4-E1C28A74D699}.Release|Mixed Platforms.Build.0 = Release|x86
		{FEAB0F03-1F09-45A2-AED4-E1C28A74D699}.Release|Mixed Platforms.Deploy.0 = Release|x86
		{FEAB0F03-1F09-45A2-AED4-E1C28A74D699}.Release|x64.ActiveCfg = Release|x64
		{FEAB0F03-1F09-45A2-AED4-E1C28A74D699}.Release|x64.Build.0 = Release|x64
		{FEAB0F03-1F09-45A2-AED4-E1C28A74D699}.Release|x64.Deploy.0 = Release|x64
		{FEAB0F03-1F09-45A2-AED4-E1C28A74D699}.Release|x86.ActiveCfg = Release|x86
		{FEAB0F03-1F09-45A2-AED4-E1C28A74D699}.Release|x86.Build.0 = Release|x86
		{FEAB0F03-1F09-45A2-AED4-E1C28A74D699}.Release|x86.Deploy.0 = Release|x86
		{A610C0A7-D2E7-4FBA-9FBF-8F2BA579809F}.Ad-Hoc|Any CPU.ActiveCfg = Release|Any CPU
		{A610C0A7-D2E7-4FBA-9FBF-8F2BA579809F}.Ad-Hoc|Any CPU.Build.0 = Release|Any CPU
		{A610C0A7-D2E7-4FBA-9FBF-8F2BA579809F}.Ad-Hoc|Any CPU.Deploy.0 = Release|Any CPU
		{A610C0A7-D2E7-4FBA-9FBF-8F2BA579809F}.Ad-Hoc|ARM.ActiveCfg = Release|ARM
		{A610C0A7-D2E7-4FBA-9FBF-8F2BA579809F}.Ad-Hoc|ARM.Build.0 = Release|ARM
		{A610C0A7-D2E7-4FBA-9FBF-8F2BA579809F}.Ad-Hoc|ARM.Deploy.0 = Release|ARM
		{A610C0A7-D2E7-4FBA-9FBF-8F2BA579809F}.Ad-Hoc|iPhone.ActiveCfg = Release|Any CPU
		{A610C0A7-D2E7-4FBA-9FBF-8F2BA579809F}.Ad-Hoc|iPhoneSimulator.ActiveCfg = Release|Any CPU
		{A610C0A7-D2E7-4FBA-9FBF-8F2BA579809F}.Ad-Hoc|Mixed Platforms.ActiveCfg = Release|x86
		{A610C0A7-D2E7-4FBA-9FBF-8F2BA579809F}.Ad-Hoc|Mixed Platforms.Build.0 = Release|x86
		{A610C0A7-D2E7-4FBA-9FBF-8F2BA579809F}.Ad-Hoc|Mixed Platforms.Deploy.0 = Release|x86
		{A610C0A7-D2E7-4FBA-9FBF-8F2BA579809F}.Ad-Hoc|x64.ActiveCfg = Release|Any CPU
		{A610C0A7-D2E7-4FBA-9FBF-8F2BA579809F}.Ad-Hoc|x86.ActiveCfg = Release|x86
		{A610C0A7-D2E7-4FBA-9FBF-8F2BA579809F}.Ad-Hoc|x86.Build.0 = Release|x86
		{A610C0A7-D2E7-4FBA-9FBF-8F2BA579809F}.Ad-Hoc|x86.Deploy.0 = Release|x86
		{A610C0A7-D2E7-4FBA-9FBF-8F2BA579809F}.AppStore|Any CPU.ActiveCfg = Release|Any CPU
		{A610C0A7-D2E7-4FBA-9FBF-8F2BA579809F}.AppStore|Any CPU.Build.0 = Release|Any CPU
		{A610C0A7-D2E7-4FBA-9FBF-8F2BA579809F}.AppStore|Any CPU.Deploy.0 = Release|Any CPU
		{A610C0A7-D2E7-4FBA-9FBF-8F2BA579809F}.AppStore|ARM.ActiveCfg = Release|ARM
		{A610C0A7-D2E7-4FBA-9FBF-8F2BA579809F}.AppStore|ARM.Build.0 = Release|ARM
		{A610C0A7-D2E7-4FBA-9FBF-8F2BA579809F}.AppStore|ARM.Deploy.0 = Release|ARM
		{A610C0A7-D2E7-4FBA-9FBF-8F2BA579809F}.AppStore|iPhone.ActiveCfg = Release|Any CPU
		{A610C0A7-D2E7-4FBA-9FBF-8F2BA579809F}.AppStore|iPhoneSimulator.ActiveCfg = Release|Any CPU
		{A610C0A7-D2E7-4FBA-9FBF-8F2BA579809F}.AppStore|Mixed Platforms.ActiveCfg = Release|x86
		{A610C0A7-D2E7-4FBA-9FBF-8F2BA579809F}.AppStore|Mixed Platforms.Build.0 = Release|x86
		{A610C0A7-D2E7-4FBA-9FBF-8F2BA579809F}.AppStore|Mixed Platforms.Deploy.0 = Release|x86
		{A610C0A7-D2E7-4FBA-9FBF-8F2BA579809F}.AppStore|x64.ActiveCfg = Release|Any CPU
		{A610C0A7-D2E7-4FBA-9FBF-8F2BA579809F}.AppStore|x86.ActiveCfg = Release|x86
		{A610C0A7-D2E7-4FBA-9FBF-8F2BA579809F}.AppStore|x86.Build.0 = Release|x86
		{A610C0A7-D2E7-4FBA-9FBF-8F2BA579809F}.AppStore|x86.Deploy.0 = Release|x86
		{A610C0A7-D2E7-4FBA-9FBF-8F2BA579809F}.Debug|Any CPU.ActiveCfg = Debug|Any CPU
		{A610C0A7-D2E7-4FBA-9FBF-8F2BA579809F}.Debug|Any CPU.Build.0 = Debug|Any CPU
		{A610C0A7-D2E7-4FBA-9FBF-8F2BA579809F}.Debug|Any CPU.Deploy.0 = Debug|Any CPU
		{A610C0A7-D2E7-4FBA-9FBF-8F2BA579809F}.Debug|ARM.ActiveCfg = Debug|ARM
		{A610C0A7-D2E7-4FBA-9FBF-8F2BA579809F}.Debug|ARM.Build.0 = Debug|ARM
		{A610C0A7-D2E7-4FBA-9FBF-8F2BA579809F}.Debug|ARM.Deploy.0 = Debug|ARM
		{A610C0A7-D2E7-4FBA-9FBF-8F2BA579809F}.Debug|iPhone.ActiveCfg = Debug|Any CPU
		{A610C0A7-D2E7-4FBA-9FBF-8F2BA579809F}.Debug|iPhoneSimulator.ActiveCfg = Debug|Any CPU
		{A610C0A7-D2E7-4FBA-9FBF-8F2BA579809F}.Debug|Mixed Platforms.ActiveCfg = Debug|x86
		{A610C0A7-D2E7-4FBA-9FBF-8F2BA579809F}.Debug|Mixed Platforms.Build.0 = Debug|x86
		{A610C0A7-D2E7-4FBA-9FBF-8F2BA579809F}.Debug|Mixed Platforms.Deploy.0 = Debug|x86
		{A610C0A7-D2E7-4FBA-9FBF-8F2BA579809F}.Debug|x64.ActiveCfg = Debug|Any CPU
		{A610C0A7-D2E7-4FBA-9FBF-8F2BA579809F}.Debug|x86.ActiveCfg = Debug|x86
		{A610C0A7-D2E7-4FBA-9FBF-8F2BA579809F}.Debug|x86.Build.0 = Debug|x86
		{A610C0A7-D2E7-4FBA-9FBF-8F2BA579809F}.Debug|x86.Deploy.0 = Debug|x86
		{A610C0A7-D2E7-4FBA-9FBF-8F2BA579809F}.Release|Any CPU.ActiveCfg = Release|Any CPU
		{A610C0A7-D2E7-4FBA-9FBF-8F2BA579809F}.Release|Any CPU.Build.0 = Release|Any CPU
		{A610C0A7-D2E7-4FBA-9FBF-8F2BA579809F}.Release|Any CPU.Deploy.0 = Release|Any CPU
		{A610C0A7-D2E7-4FBA-9FBF-8F2BA579809F}.Release|ARM.ActiveCfg = Release|ARM
		{A610C0A7-D2E7-4FBA-9FBF-8F2BA579809F}.Release|ARM.Build.0 = Release|ARM
		{A610C0A7-D2E7-4FBA-9FBF-8F2BA579809F}.Release|ARM.Deploy.0 = Release|ARM
		{A610C0A7-D2E7-4FBA-9FBF-8F2BA579809F}.Release|iPhone.ActiveCfg = Release|Any CPU
		{A610C0A7-D2E7-4FBA-9FBF-8F2BA579809F}.Release|iPhoneSimulator.ActiveCfg = Release|Any CPU
		{A610C0A7-D2E7-4FBA-9FBF-8F2BA579809F}.Release|Mixed Platforms.ActiveCfg = Release|x86
		{A610C0A7-D2E7-4FBA-9FBF-8F2BA579809F}.Release|Mixed Platforms.Build.0 = Release|x86
		{A610C0A7-D2E7-4FBA-9FBF-8F2BA579809F}.Release|Mixed Platforms.Deploy.0 = Release|x86
		{A610C0A7-D2E7-4FBA-9FBF-8F2BA579809F}.Release|x64.ActiveCfg = Release|Any CPU
		{A610C0A7-D2E7-4FBA-9FBF-8F2BA579809F}.Release|x86.ActiveCfg = Release|x86
		{A610C0A7-D2E7-4FBA-9FBF-8F2BA579809F}.Release|x86.Build.0 = Release|x86
		{A610C0A7-D2E7-4FBA-9FBF-8F2BA579809F}.Release|x86.Deploy.0 = Release|x86
		{E4C011F2-2B43-468E-9664-C35FB01876C4}.Ad-Hoc|Any CPU.ActiveCfg = Release|Any CPU
		{E4C011F2-2B43-468E-9664-C35FB01876C4}.Ad-Hoc|Any CPU.Build.0 = Release|Any CPU
		{E4C011F2-2B43-468E-9664-C35FB01876C4}.Ad-Hoc|Any CPU.Deploy.0 = Release|Any CPU
		{E4C011F2-2B43-468E-9664-C35FB01876C4}.Ad-Hoc|ARM.ActiveCfg = Release|ARM
		{E4C011F2-2B43-468E-9664-C35FB01876C4}.Ad-Hoc|ARM.Build.0 = Release|ARM
		{E4C011F2-2B43-468E-9664-C35FB01876C4}.Ad-Hoc|ARM.Deploy.0 = Release|ARM
		{E4C011F2-2B43-468E-9664-C35FB01876C4}.Ad-Hoc|iPhone.ActiveCfg = Release|Any CPU
		{E4C011F2-2B43-468E-9664-C35FB01876C4}.Ad-Hoc|iPhoneSimulator.ActiveCfg = Release|Any CPU
		{E4C011F2-2B43-468E-9664-C35FB01876C4}.Ad-Hoc|Mixed Platforms.ActiveCfg = Release|x86
		{E4C011F2-2B43-468E-9664-C35FB01876C4}.Ad-Hoc|Mixed Platforms.Build.0 = Release|x86
		{E4C011F2-2B43-468E-9664-C35FB01876C4}.Ad-Hoc|Mixed Platforms.Deploy.0 = Release|x86
		{E4C011F2-2B43-468E-9664-C35FB01876C4}.Ad-Hoc|x64.ActiveCfg = Release|x64
		{E4C011F2-2B43-468E-9664-C35FB01876C4}.Ad-Hoc|x64.Build.0 = Release|x64
		{E4C011F2-2B43-468E-9664-C35FB01876C4}.Ad-Hoc|x64.Deploy.0 = Release|x64
		{E4C011F2-2B43-468E-9664-C35FB01876C4}.Ad-Hoc|x86.ActiveCfg = Release|x86
		{E4C011F2-2B43-468E-9664-C35FB01876C4}.Ad-Hoc|x86.Build.0 = Release|x86
		{E4C011F2-2B43-468E-9664-C35FB01876C4}.Ad-Hoc|x86.Deploy.0 = Release|x86
		{E4C011F2-2B43-468E-9664-C35FB01876C4}.AppStore|Any CPU.ActiveCfg = Release|Any CPU
		{E4C011F2-2B43-468E-9664-C35FB01876C4}.AppStore|Any CPU.Build.0 = Release|Any CPU
		{E4C011F2-2B43-468E-9664-C35FB01876C4}.AppStore|Any CPU.Deploy.0 = Release|Any CPU
		{E4C011F2-2B43-468E-9664-C35FB01876C4}.AppStore|ARM.ActiveCfg = Release|ARM
		{E4C011F2-2B43-468E-9664-C35FB01876C4}.AppStore|ARM.Build.0 = Release|ARM
		{E4C011F2-2B43-468E-9664-C35FB01876C4}.AppStore|ARM.Deploy.0 = Release|ARM
		{E4C011F2-2B43-468E-9664-C35FB01876C4}.AppStore|iPhone.ActiveCfg = Release|Any CPU
		{E4C011F2-2B43-468E-9664-C35FB01876C4}.AppStore|iPhoneSimulator.ActiveCfg = Release|Any CPU
		{E4C011F2-2B43-468E-9664-C35FB01876C4}.AppStore|Mixed Platforms.ActiveCfg = Release|x86
		{E4C011F2-2B43-468E-9664-C35FB01876C4}.AppStore|Mixed Platforms.Build.0 = Release|x86
		{E4C011F2-2B43-468E-9664-C35FB01876C4}.AppStore|Mixed Platforms.Deploy.0 = Release|x86
		{E4C011F2-2B43-468E-9664-C35FB01876C4}.AppStore|x64.ActiveCfg = Release|x64
		{E4C011F2-2B43-468E-9664-C35FB01876C4}.AppStore|x64.Build.0 = Release|x64
		{E4C011F2-2B43-468E-9664-C35FB01876C4}.AppStore|x64.Deploy.0 = Release|x64
		{E4C011F2-2B43-468E-9664-C35FB01876C4}.AppStore|x86.ActiveCfg = Release|x86
		{E4C011F2-2B43-468E-9664-C35FB01876C4}.AppStore|x86.Build.0 = Release|x86
		{E4C011F2-2B43-468E-9664-C35FB01876C4}.AppStore|x86.Deploy.0 = Release|x86
		{E4C011F2-2B43-468E-9664-C35FB01876C4}.Debug|Any CPU.ActiveCfg = Debug|Any CPU
		{E4C011F2-2B43-468E-9664-C35FB01876C4}.Debug|Any CPU.Build.0 = Debug|Any CPU
		{E4C011F2-2B43-468E-9664-C35FB01876C4}.Debug|Any CPU.Deploy.0 = Debug|Any CPU
		{E4C011F2-2B43-468E-9664-C35FB01876C4}.Debug|ARM.ActiveCfg = Debug|ARM
		{E4C011F2-2B43-468E-9664-C35FB01876C4}.Debug|ARM.Build.0 = Debug|ARM
		{E4C011F2-2B43-468E-9664-C35FB01876C4}.Debug|ARM.Deploy.0 = Debug|ARM
		{E4C011F2-2B43-468E-9664-C35FB01876C4}.Debug|iPhone.ActiveCfg = Debug|Any CPU
		{E4C011F2-2B43-468E-9664-C35FB01876C4}.Debug|iPhoneSimulator.ActiveCfg = Debug|Any CPU
		{E4C011F2-2B43-468E-9664-C35FB01876C4}.Debug|Mixed Platforms.ActiveCfg = Debug|x86
		{E4C011F2-2B43-468E-9664-C35FB01876C4}.Debug|Mixed Platforms.Build.0 = Debug|x86
		{E4C011F2-2B43-468E-9664-C35FB01876C4}.Debug|Mixed Platforms.Deploy.0 = Debug|x86
		{E4C011F2-2B43-468E-9664-C35FB01876C4}.Debug|x64.ActiveCfg = Debug|x64
		{E4C011F2-2B43-468E-9664-C35FB01876C4}.Debug|x64.Build.0 = Debug|x64
		{E4C011F2-2B43-468E-9664-C35FB01876C4}.Debug|x64.Deploy.0 = Debug|x64
		{E4C011F2-2B43-468E-9664-C35FB01876C4}.Debug|x86.ActiveCfg = Debug|x86
		{E4C011F2-2B43-468E-9664-C35FB01876C4}.Debug|x86.Build.0 = Debug|x86
		{E4C011F2-2B43-468E-9664-C35FB01876C4}.Debug|x86.Deploy.0 = Debug|x86
		{E4C011F2-2B43-468E-9664-C35FB01876C4}.Release|Any CPU.ActiveCfg = Release|Any CPU
		{E4C011F2-2B43-468E-9664-C35FB01876C4}.Release|Any CPU.Build.0 = Release|Any CPU
		{E4C011F2-2B43-468E-9664-C35FB01876C4}.Release|Any CPU.Deploy.0 = Release|Any CPU
		{E4C011F2-2B43-468E-9664-C35FB01876C4}.Release|ARM.ActiveCfg = Release|ARM
		{E4C011F2-2B43-468E-9664-C35FB01876C4}.Release|ARM.Build.0 = Release|ARM
		{E4C011F2-2B43-468E-9664-C35FB01876C4}.Release|ARM.Deploy.0 = Release|ARM
		{E4C011F2-2B43-468E-9664-C35FB01876C4}.Release|iPhone.ActiveCfg = Release|Any CPU
		{E4C011F2-2B43-468E-9664-C35FB01876C4}.Release|iPhoneSimulator.ActiveCfg = Release|Any CPU
		{E4C011F2-2B43-468E-9664-C35FB01876C4}.Release|Mixed Platforms.ActiveCfg = Release|x86
		{E4C011F2-2B43-468E-9664-C35FB01876C4}.Release|Mixed Platforms.Build.0 = Release|x86
		{E4C011F2-2B43-468E-9664-C35FB01876C4}.Release|Mixed Platforms.Deploy.0 = Release|x86
		{E4C011F2-2B43-468E-9664-C35FB01876C4}.Release|x64.ActiveCfg = Release|x64
		{E4C011F2-2B43-468E-9664-C35FB01876C4}.Release|x64.Build.0 = Release|x64
		{E4C011F2-2B43-468E-9664-C35FB01876C4}.Release|x64.Deploy.0 = Release|x64
		{E4C011F2-2B43-468E-9664-C35FB01876C4}.Release|x86.ActiveCfg = Release|x86
		{E4C011F2-2B43-468E-9664-C35FB01876C4}.Release|x86.Build.0 = Release|x86
		{E4C011F2-2B43-468E-9664-C35FB01876C4}.Release|x86.Deploy.0 = Release|x86
		{F4B5D8E2-3241-4A44-AB47-EF22D6D4989A}.Ad-Hoc|Any CPU.ActiveCfg = Release|Any CPU
		{F4B5D8E2-3241-4A44-AB47-EF22D6D4989A}.Ad-Hoc|Any CPU.Build.0 = Release|Any CPU
		{F4B5D8E2-3241-4A44-AB47-EF22D6D4989A}.Ad-Hoc|Any CPU.Deploy.0 = Release|Any CPU
		{F4B5D8E2-3241-4A44-AB47-EF22D6D4989A}.Ad-Hoc|ARM.ActiveCfg = Release|Any CPU
		{F4B5D8E2-3241-4A44-AB47-EF22D6D4989A}.Ad-Hoc|iPhone.ActiveCfg = Release|Any CPU
		{F4B5D8E2-3241-4A44-AB47-EF22D6D4989A}.Ad-Hoc|iPhoneSimulator.ActiveCfg = Release|Any CPU
		{F4B5D8E2-3241-4A44-AB47-EF22D6D4989A}.Ad-Hoc|Mixed Platforms.ActiveCfg = Release|Any CPU
		{F4B5D8E2-3241-4A44-AB47-EF22D6D4989A}.Ad-Hoc|Mixed Platforms.Build.0 = Release|Any CPU
		{F4B5D8E2-3241-4A44-AB47-EF22D6D4989A}.Ad-Hoc|Mixed Platforms.Deploy.0 = Release|Any CPU
		{F4B5D8E2-3241-4A44-AB47-EF22D6D4989A}.Ad-Hoc|x64.ActiveCfg = Release|Any CPU
		{F4B5D8E2-3241-4A44-AB47-EF22D6D4989A}.Ad-Hoc|x86.ActiveCfg = Release|Any CPU
		{F4B5D8E2-3241-4A44-AB47-EF22D6D4989A}.AppStore|Any CPU.ActiveCfg = Release|Any CPU
		{F4B5D8E2-3241-4A44-AB47-EF22D6D4989A}.AppStore|Any CPU.Build.0 = Release|Any CPU
		{F4B5D8E2-3241-4A44-AB47-EF22D6D4989A}.AppStore|Any CPU.Deploy.0 = Release|Any CPU
		{F4B5D8E2-3241-4A44-AB47-EF22D6D4989A}.AppStore|ARM.ActiveCfg = Release|Any CPU
		{F4B5D8E2-3241-4A44-AB47-EF22D6D4989A}.AppStore|iPhone.ActiveCfg = Release|Any CPU
		{F4B5D8E2-3241-4A44-AB47-EF22D6D4989A}.AppStore|iPhoneSimulator.ActiveCfg = Release|Any CPU
		{F4B5D8E2-3241-4A44-AB47-EF22D6D4989A}.AppStore|Mixed Platforms.ActiveCfg = Release|Any CPU
		{F4B5D8E2-3241-4A44-AB47-EF22D6D4989A}.AppStore|Mixed Platforms.Build.0 = Release|Any CPU
		{F4B5D8E2-3241-4A44-AB47-EF22D6D4989A}.AppStore|Mixed Platforms.Deploy.0 = Release|Any CPU
		{F4B5D8E2-3241-4A44-AB47-EF22D6D4989A}.AppStore|x64.ActiveCfg = Release|Any CPU
		{F4B5D8E2-3241-4A44-AB47-EF22D6D4989A}.AppStore|x86.ActiveCfg = Release|Any CPU
		{F4B5D8E2-3241-4A44-AB47-EF22D6D4989A}.Debug|Any CPU.ActiveCfg = Debug|Any CPU
		{F4B5D8E2-3241-4A44-AB47-EF22D6D4989A}.Debug|Any CPU.Build.0 = Debug|Any CPU
		{F4B5D8E2-3241-4A44-AB47-EF22D6D4989A}.Debug|Any CPU.Deploy.0 = Debug|Any CPU
		{F4B5D8E2-3241-4A44-AB47-EF22D6D4989A}.Debug|ARM.ActiveCfg = Debug|Any CPU
		{F4B5D8E2-3241-4A44-AB47-EF22D6D4989A}.Debug|iPhone.ActiveCfg = Debug|Any CPU
		{F4B5D8E2-3241-4A44-AB47-EF22D6D4989A}.Debug|iPhoneSimulator.ActiveCfg = Debug|Any CPU
		{F4B5D8E2-3241-4A44-AB47-EF22D6D4989A}.Debug|Mixed Platforms.ActiveCfg = Debug|Any CPU
		{F4B5D8E2-3241-4A44-AB47-EF22D6D4989A}.Debug|Mixed Platforms.Build.0 = Debug|Any CPU
		{F4B5D8E2-3241-4A44-AB47-EF22D6D4989A}.Debug|x64.ActiveCfg = Debug|Any CPU
		{F4B5D8E2-3241-4A44-AB47-EF22D6D4989A}.Debug|x86.ActiveCfg = Debug|Any CPU
		{F4B5D8E2-3241-4A44-AB47-EF22D6D4989A}.Release|Any CPU.ActiveCfg = Release|Any CPU
		{F4B5D8E2-3241-4A44-AB47-EF22D6D4989A}.Release|Any CPU.Build.0 = Release|Any CPU
		{F4B5D8E2-3241-4A44-AB47-EF22D6D4989A}.Release|Any CPU.Deploy.0 = Release|Any CPU
		{F4B5D8E2-3241-4A44-AB47-EF22D6D4989A}.Release|ARM.ActiveCfg = Release|Any CPU
		{F4B5D8E2-3241-4A44-AB47-EF22D6D4989A}.Release|iPhone.ActiveCfg = Release|Any CPU
		{F4B5D8E2-3241-4A44-AB47-EF22D6D4989A}.Release|iPhoneSimulator.ActiveCfg = Release|Any CPU
		{F4B5D8E2-3241-4A44-AB47-EF22D6D4989A}.Release|Mixed Platforms.ActiveCfg = Release|Any CPU
		{F4B5D8E2-3241-4A44-AB47-EF22D6D4989A}.Release|Mixed Platforms.Build.0 = Release|Any CPU
		{F4B5D8E2-3241-4A44-AB47-EF22D6D4989A}.Release|Mixed Platforms.Deploy.0 = Release|Any CPU
		{F4B5D8E2-3241-4A44-AB47-EF22D6D4989A}.Release|x64.ActiveCfg = Release|Any CPU
		{F4B5D8E2-3241-4A44-AB47-EF22D6D4989A}.Release|x86.ActiveCfg = Release|Any CPU
	EndGlobalSection
	GlobalSection(SolutionProperties) = preSolution
		HideSolutionNode = FALSE
	EndGlobalSection
	GlobalSection(MonoDevelopProperties) = preSolution
		StartupItem = RMV.Awesome.Android\RMV.Awesome.Android.csproj
	EndGlobalSection
EndGlobal
