
Microsoft Visual Studio Solution File, Format Version 12.00
# Visual Studio 14
VisualStudioVersion = 14.0.25123.0
MinimumVisualStudioVersion = 10.0.40219.1
Project("{2150E333-8FDC-42A3-9474-1A3956D46DE8}") = ".nuget", ".nuget", "{6869057B-74DC-4A80-9A02-96CB73D6A494}"
	ProjectSection(SolutionItems) = preProject
		.nuget\NuGet.Config = .nuget\NuGet.Config
		.nuget\NuGet.exe = .nuget\NuGet.exe
		.nuget\NuGet.targets = .nuget\NuGet.targets
	EndProjectSection
EndProject
Project("{2150E333-8FDC-42A3-9474-1A3956D46DE8}") = "RMV.Awesome", "RMV.Awesome", "{D526B98D-1586-4CA7-8A01-1971C9851AF2}"
EndProject
Project("{D954291E-2A0B-460D-934E-DC6B0785DB48}") = "RMV.Awesome.Shared", "RMV.Awesome\RMV.Awesome.Shared\RMV.Awesome.Shared.shproj", "{80F7FCA2-3CF2-40BD-9BBB-0296284D9700}"
EndProject
Project("{FAE04EC0-301F-11D3-BF4B-00C04F79EFBC}") = "RMV.Awesome.Windows", "RMV.Awesome\RMV.Awesome.Windows\RMV.Awesome.Windows.csproj", "{3EECC8CC-660B-4727-A18A-1C751DA33330}"
EndProject
Project("{FAE04EC0-301F-11D3-BF4B-00C04F79EFBC}") = "RMV.Awesome.WindowsPhone", "RMV.Awesome\RMV.Awesome.WindowsPhone\RMV.Awesome.WindowsPhone.csproj", "{729911EF-B9A1-46D7-96AD-27FEE18B7E85}"
EndProject
Project("{2150E333-8FDC-42A3-9474-1A3956D46DE8}") = "Solution Items", "Solution Items", "{DC90F28F-57DD-4EEB-B5E3-556FFEE1BE02}"
EndProject
Project("{FAE04EC0-301F-11D3-BF4B-00C04F79EFBC}") = "RMV.Awesome.API", "RMV.Awesome.API\RMV.Awesome.API.csproj", "{00793D64-59DD-4D7E-9B49-D2EB680C2ACE}"
EndProject
Global
	GlobalSection(SharedMSBuildProjectFiles) = preSolution
		RMV.Awesome\RMV.Awesome.Shared\RMV.Awesome.Shared.projitems*{80f7fca2-3cf2-40bd-9bbb-0296284d9700}*SharedItemsImports = 13
		RMV.Awesome\RMV.Awesome.Shared\RMV.Awesome.Shared.projitems*{729911ef-b9a1-46d7-96ad-27fee18b7e85}*SharedItemsImports = 4
		RMV.Awesome\RMV.Awesome.Shared\RMV.Awesome.Shared.projitems*{3eecc8cc-660b-4727-a18a-1c751da33330}*SharedItemsImports = 4
	EndGlobalSection
	GlobalSection(SolutionConfigurationPlatforms) = preSolution
		Ad-Hoc|Any CPU = Ad-Hoc|Any CPU
		Ad-Hoc|ARM = Ad-Hoc|ARM
		Ad-Hoc|iPhone = Ad-Hoc|iPhone
		Ad-Hoc|iPhoneSimulator = Ad-Hoc|iPhoneSimulator
		Ad-Hoc|Mixed Platforms = Ad-Hoc|Mixed Platforms
		Ad-Hoc|x64 = Ad-Hoc|x64
		Ad-Hoc|x86 = Ad-Hoc|x86
		AppStore|Any CPU = AppStore|Any CPU
		AppStore|ARM = AppStore|ARM
		AppStore|iPhone = AppStore|iPhone
		AppStore|iPhoneSimulator = AppStore|iPhoneSimulator
		AppStore|Mixed Platforms = AppStore|Mixed Platforms
		AppStore|x64 = AppStore|x64
		AppStore|x86 = AppStore|x86
		Debug|Any CPU = Debug|Any CPU
		Debug|ARM = Debug|ARM
		Debug|iPhone = Debug|iPhone
		Debug|iPhoneSimulator = Debug|iPhoneSimulator
		Debug|Mixed Platforms = Debug|Mixed Platforms
		Debug|x64 = Debug|x64
		Debug|x86 = Debug|x86
		Release|Any CPU = Release|Any CPU
		Release|ARM = Release|ARM
		Release|iPhone = Release|iPhone
		Release|iPhoneSimulator = Release|iPhoneSimulator
		Release|Mixed Platforms = Release|Mixed Platforms
		Release|x64 = Release|x64
		Release|x86 = Release|x86
	EndGlobalSection
	GlobalSection(ProjectConfigurationPlatforms) = postSolution
		{3EECC8CC-660B-4727-A18A-1C751DA33330}.Ad-Hoc|Any CPU.ActiveCfg = Release|Any CPU
		{3EECC8CC-660B-4727-A18A-1C751DA33330}.Ad-Hoc|Any CPU.Build.0 = Release|Any CPU
		{3EECC8CC-660B-4727-A18A-1C751DA33330}.Ad-Hoc|Any CPU.Deploy.0 = Release|Any CPU
		{3EECC8CC-660B-4727-A18A-1C751DA33330}.Ad-Hoc|ARM.ActiveCfg = Release|ARM
		{3EECC8CC-660B-4727-A18A-1C751DA33330}.Ad-Hoc|ARM.Build.0 = Release|ARM
		{3EECC8CC-660B-4727-A18A-1C751DA33330}.Ad-Hoc|ARM.Deploy.0 = Release|ARM
		{3EECC8CC-660B-4727-A18A-1C751DA33330}.Ad-Hoc|iPhone.ActiveCfg = Release|Any CPU
		{3EECC8CC-660B-4727-A18A-1C751DA33330}.Ad-Hoc|iPhoneSimulator.ActiveCfg = Release|Any CPU
		{3EECC8CC-660B-4727-A18A-1C751DA33330}.Ad-Hoc|Mixed Platforms.ActiveCfg = Release|x86
		{3EECC8CC-660B-4727-A18A-1C751DA33330}.Ad-Hoc|Mixed Platforms.Build.0 = Release|x86
		{3EECC8CC-660B-4727-A18A-1C751DA33330}.Ad-Hoc|Mixed Platforms.Deploy.0 = Release|x86
		{3EECC8CC-660B-4727-A18A-1C751DA33330}.Ad-Hoc|x64.ActiveCfg = Release|x64
		{3EECC8CC-660B-4727-A18A-1C751DA33330}.Ad-Hoc|x64.Build.0 = Release|x64
		{3EECC8CC-660B-4727-A18A-1C751DA33330}.Ad-Hoc|x64.Deploy.0 = Release|x64
		{3EECC8CC-660B-4727-A18A-1C751DA33330}.Ad-Hoc|x86.ActiveCfg = Release|x86
		{3EECC8CC-660B-4727-A18A-1C751DA33330}.Ad-Hoc|x86.Build.0 = Release|x86
		{3EECC8CC-660B-4727-A18A-1C751DA33330}.Ad-Hoc|x86.Deploy.0 = Release|x86
		{3EECC8CC-660B-4727-A18A-1C751DA33330}.AppStore|Any CPU.ActiveCfg = Release|Any CPU
		{3EECC8CC-660B-4727-A18A-1C751DA33330}.AppStore|Any CPU.Build.0 = Release|Any CPU
		{3EECC8CC-660B-4727-A18A-1C751DA33330}.AppStore|Any CPU.Deploy.0 = Release|Any CPU
		{3EECC8CC-660B-4727-A18A-1C751DA33330}.AppStore|ARM.ActiveCfg = Release|ARM
		{3EECC8CC-660B-4727-A18A-1C751DA33330}.AppStore|ARM.Build.0 = Release|ARM
		{3EECC8CC-660B-4727-A18A-1C751DA33330}.AppStore|ARM.Deploy.0 = Release|ARM
		{3EECC8CC-660B-4727-A18A-1C751DA33330}.AppStore|iPhone.ActiveCfg = Release|Any CPU
		{3EECC8CC-660B-4727-A18A-1C751DA33330}.AppStore|iPhoneSimulator.ActiveCfg = Release|Any CPU
		{3EECC8CC-660B-4727-A18A-1C751DA33330}.AppStore|Mixed Platforms.ActiveCfg = Release|x86
		{3EECC8CC-660B-4727-A18A-1C751DA33330}.AppStore|Mixed Platforms.Build.0 = Release|x86
		{3EECC8CC-660B-4727-A18A-1C751DA33330}.AppStore|Mixed Platforms.Deploy.0 = Release|x86
		{3EECC8CC-660B-4727-A18A-1C751DA33330}.AppStore|x64.ActiveCfg = Release|x64
		{3EECC8CC-660B-4727-A18A-1C751DA33330}.AppStore|x64.Build.0 = Release|x64
		{3EECC8CC-660B-4727-A18A-1C751DA33330}.AppStore|x64.Deploy.0 = Release|x64
		{3EECC8CC-660B-4727-A18A-1C751DA33330}.AppStore|x86.ActiveCfg = Release|x86
		{3EECC8CC-660B-4727-A18A-1C751DA33330}.AppStore|x86.Build.0 = Release|x86
		{3EECC8CC-660B-4727-A18A-1C751DA33330}.AppStore|x86.Deploy.0 = Release|x86
		{3EECC8CC-660B-4727-A18A-1C751DA33330}.Debug|Any CPU.ActiveCfg = Debug|Any CPU
		{3EECC8CC-660B-4727-A18A-1C751DA33330}.Debug|Any CPU.Build.0 = Debug|Any CPU
		{3EECC8CC-660B-4727-A18A-1C751DA33330}.Debug|Any CPU.Deploy.0 = Debug|Any CPU
		{3EECC8CC-660B-4727-A18A-1C751DA33330}.Debug|ARM.ActiveCfg = Debug|ARM
		{3EECC8CC-660B-4727-A18A-1C751DA33330}.Debug|ARM.Build.0 = Debug|ARM
		{3EECC8CC-660B-4727-A18A-1C751DA33330}.Debug|ARM.Deploy.0 = Debug|ARM
		{3EECC8CC-660B-4727-A18A-1C751DA33330}.Debug|iPhone.ActiveCfg = Debug|Any CPU
		{3EECC8CC-660B-4727-A18A-1C751DA33330}.Debug|iPhoneSimulator.ActiveCfg = Debug|Any CPU
		{3EECC8CC-660B-4727-A18A-1C751DA33330}.Debug|Mixed Platforms.ActiveCfg = Debug|x86
		{3EECC8CC-660B-4727-A18A-1C751DA33330}.Debug|Mixed Platforms.Build.0 = Debug|x86
		{3EECC8CC-660B-4727-A18A-1C751DA33330}.Debug|Mixed Platforms.Deploy.0 = Debug|x86
		{3EECC8CC-660B-4727-A18A-1C751DA33330}.Debug|x64.ActiveCfg = Debug|x64
		{3EECC8CC-660B-4727-A18A-1C751DA33330}.Debug|x64.Build.0 = Debug|x64
		{3EECC8CC-660B-4727-A18A-1C751DA33330}.Debug|x64.Deploy.0 = Debug|x64
		{3EECC8CC-660B-4727-A18A-1C751DA33330}.Debug|x86.ActiveCfg = Debug|x86
		{3EECC8CC-660B-4727-A18A-1C751DA33330}.Debug|x86.Build.0 = Debug|x86
		{3EECC8CC-660B-4727-A18A-1C751DA33330}.Debug|x86.Deploy.0 = Debug|x86
		{3EECC8CC-660B-4727-A18A-1C751DA33330}.Release|Any CPU.ActiveCfg = Release|Any CPU
		{3EECC8CC-660B-4727-A18A-1C751DA33330}.Release|Any CPU.Build.0 = Release|Any CPU
		{3EECC8CC-660B-4727-A18A-1C751DA33330}.Release|Any CPU.Deploy.0 = Release|Any CPU
		{3EECC8CC-660B-4727-A18A-1C751DA33330}.Release|ARM.ActiveCfg = Release|ARM
		{3EECC8CC-660B-4727-A18A-1C751DA33330}.Release|ARM.Build.0 = Release|ARM
		{3EECC8CC-660B-4727-A18A-1C751DA33330}.Release|ARM.Deploy.0 = Release|ARM
		{3EECC8CC-660B-4727-A18A-1C751DA33330}.Release|iPhone.ActiveCfg = Release|Any CPU
		{3EECC8CC-660B-4727-A18A-1C751DA33330}.Release|iPhoneSimulator.ActiveCfg = Release|Any CPU
		{3EECC8CC-660B-4727-A18A-1C751DA33330}.Release|Mixed Platforms.ActiveCfg = Release|x86
		{3EECC8CC-660B-4727-A18A-1C751DA33330}.Release|Mixed Platforms.Build.0 = Release|x86
		{3EECC8CC-660B-4727-A18A-1C751DA33330}.Release|Mixed Platforms.Deploy.0 = Release|x86
		{3EECC8CC-660B-4727-A18A-1C751DA33330}.Release|x64.ActiveCfg = Release|x64
		{3EECC8CC-660B-4727-A18A-1C751DA33330}.Release|x64.Build.0 = Release|x64
		{3EECC8CC-660B-4727-A18A-1C751DA33330}.Release|x64.Deploy.0 = Release|x64
		{3EECC8CC-660B-4727-A18A-1C751DA33330}.Release|x86.ActiveCfg = Release|x86
		{3EECC8CC-660B-4727-A18A-1C751DA33330}.Release|x86.Build.0 = Release|x86
		{3EECC8CC-660B-4727-A18A-1C751DA33330}.Release|x86.Deploy.0 = Release|x86
		{729911EF-B9A1-46D7-96AD-27FEE18B7E85}.Ad-Hoc|Any CPU.ActiveCfg = Release|Any CPU
		{729911EF-B9A1-46D7-96AD-27FEE18B7E85}.Ad-Hoc|Any CPU.Build.0 = Release|Any CPU
		{729911EF-B9A1-46D7-96AD-27FEE18B7E85}.Ad-Hoc|Any CPU.Deploy.0 = Release|Any CPU
		{729911EF-B9A1-46D7-96AD-27FEE18B7E85}.Ad-Hoc|ARM.ActiveCfg = Release|ARM
		{729911EF-B9A1-46D7-96AD-27FEE18B7E85}.Ad-Hoc|ARM.Build.0 = Release|ARM
		{729911EF-B9A1-46D7-96AD-27FEE18B7E85}.Ad-Hoc|ARM.Deploy.0 = Release|ARM
		{729911EF-B9A1-46D7-96AD-27FEE18B7E85}.Ad-Hoc|iPhone.ActiveCfg = Release|Any CPU
		{729911EF-B9A1-46D7-96AD-27FEE18B7E85}.Ad-Hoc|iPhoneSimulator.ActiveCfg = Release|Any CPU
		{729911EF-B9A1-46D7-96AD-27FEE18B7E85}.Ad-Hoc|Mixed Platforms.ActiveCfg = Release|x86
		{729911EF-B9A1-46D7-96AD-27FEE18B7E85}.Ad-Hoc|Mixed Platforms.Build.0 = Release|x86
		{729911EF-B9A1-46D7-96AD-27FEE18B7E85}.Ad-Hoc|Mixed Platforms.Deploy.0 = Release|x86
		{729911EF-B9A1-46D7-96AD-27FEE18B7E85}.Ad-Hoc|x64.ActiveCfg = Release|Any CPU
		{729911EF-B9A1-46D7-96AD-27FEE18B7E85}.Ad-Hoc|x86.ActiveCfg = Release|x86
		{729911EF-B9A1-46D7-96AD-27FEE18B7E85}.Ad-Hoc|x86.Build.0 = Release|x86
		{729911EF-B9A1-46D7-96AD-27FEE18B7E85}.Ad-Hoc|x86.Deploy.0 = Release|x86
		{729911EF-B9A1-46D7-96AD-27FEE18B7E85}.AppStore|Any CPU.ActiveCfg = Release|Any CPU
		{729911EF-B9A1-46D7-96AD-27FEE18B7E85}.AppStore|Any CPU.Build.0 = Release|Any CPU
		{729911EF-B9A1-46D7-96AD-27FEE18B7E85}.AppStore|Any CPU.Deploy.0 = Release|Any CPU
		{729911EF-B9A1-46D7-96AD-27FEE18B7E85}.AppStore|ARM.ActiveCfg = Release|ARM
		{729911EF-B9A1-46D7-96AD-27FEE18B7E85}.AppStore|ARM.Build.0 = Release|ARM
		{729911EF-B9A1-46D7-96AD-27FEE18B7E85}.AppStore|ARM.Deploy.0 = Release|ARM
		{729911EF-B9A1-46D7-96AD-27FEE18B7E85}.AppStore|iPhone.ActiveCfg = Release|Any CPU
		{729911EF-B9A1-46D7-96AD-27FEE18B7E85}.AppStore|iPhoneSimulator.ActiveCfg = Release|Any CPU
		{729911EF-B9A1-46D7-96AD-27FEE18B7E85}.AppStore|Mixed Platforms.ActiveCfg = Release|x86
		{729911EF-B9A1-46D7-96AD-27FEE18B7E85}.AppStore|Mixed Platforms.Build.0 = Release|x86
		{729911EF-B9A1-46D7-96AD-27FEE18B7E85}.AppStore|Mixed Platforms.Deploy.0 = Release|x86
		{729911EF-B9A1-46D7-96AD-27FEE18B7E85}.AppStore|x64.ActiveCfg = Release|Any CPU
		{729911EF-B9A1-46D7-96AD-27FEE18B7E85}.AppStore|x86.ActiveCfg = Release|x86
		{729911EF-B9A1-46D7-96AD-27FEE18B7E85}.AppStore|x86.Build.0 = Release|x86
		{729911EF-B9A1-46D7-96AD-27FEE18B7E85}.AppStore|x86.Deploy.0 = Release|x86
		{729911EF-B9A1-46D7-96AD-27FEE18B7E85}.Debug|Any CPU.ActiveCfg = Debug|Any CPU
		{729911EF-B9A1-46D7-96AD-27FEE18B7E85}.Debug|Any CPU.Build.0 = Debug|Any CPU
		{729911EF-B9A1-46D7-96AD-27FEE18B7E85}.Debug|Any CPU.Deploy.0 = Debug|Any CPU
		{729911EF-B9A1-46D7-96AD-27FEE18B7E85}.Debug|ARM.ActiveCfg = Debug|ARM
		{729911EF-B9A1-46D7-96AD-27FEE18B7E85}.Debug|ARM.Build.0 = Debug|ARM
		{729911EF-B9A1-46D7-96AD-27FEE18B7E85}.Debug|ARM.Deploy.0 = Debug|ARM
		{729911EF-B9A1-46D7-96AD-27FEE18B7E85}.Debug|iPhone.ActiveCfg = Debug|Any CPU
		{729911EF-B9A1-46D7-96AD-27FEE18B7E85}.Debug|iPhoneSimulator.ActiveCfg = Debug|Any CPU
		{729911EF-B9A1-46D7-96AD-27FEE18B7E85}.Debug|Mixed Platforms.ActiveCfg = Debug|x86
		{729911EF-B9A1-46D7-96AD-27FEE18B7E85}.Debug|Mixed Platforms.Build.0 = Debug|x86
		{729911EF-B9A1-46D7-96AD-27FEE18B7E85}.Debug|Mixed Platforms.Deploy.0 = Debug|x86
		{729911EF-B9A1-46D7-96AD-27FEE18B7E85}.Debug|x64.ActiveCfg = Debug|Any CPU
		{729911EF-B9A1-46D7-96AD-27FEE18B7E85}.Debug|x86.ActiveCfg = Debug|x86
		{729911EF-B9A1-46D7-96AD-27FEE18B7E85}.Debug|x86.Build.0 = Debug|x86
		{729911EF-B9A1-46D7-96AD-27FEE18B7E85}.Debug|x86.Deploy.0 = Debug|x86
		{729911EF-B9A1-46D7-96AD-27FEE18B7E85}.Release|Any CPU.ActiveCfg = Release|Any CPU
		{729911EF-B9A1-46D7-96AD-27FEE18B7E85}.Release|Any CPU.Build.0 = Release|Any CPU
		{729911EF-B9A1-46D7-96AD-27FEE18B7E85}.Release|Any CPU.Deploy.0 = Release|Any CPU
		{729911EF-B9A1-46D7-96AD-27FEE18B7E85}.Release|ARM.ActiveCfg = Release|ARM
		{729911EF-B9A1-46D7-96AD-27FEE18B7E85}.Release|ARM.Build.0 = Release|ARM
		{729911EF-B9A1-46D7-96AD-27FEE18B7E85}.Release|ARM.Deploy.0 = Release|ARM
		{729911EF-B9A1-46D7-96AD-27FEE18B7E85}.Release|iPhone.ActiveCfg = Release|Any CPU
		{729911EF-B9A1-46D7-96AD-27FEE18B7E85}.Release|iPhoneSimulator.ActiveCfg = Release|Any CPU
		{729911EF-B9A1-46D7-96AD-27FEE18B7E85}.Release|Mixed Platforms.ActiveCfg = Release|x86
		{729911EF-B9A1-46D7-96AD-27FEE18B7E85}.Release|Mixed Platforms.Build.0 = Release|x86
		{729911EF-B9A1-46D7-96AD-27FEE18B7E85}.Release|Mixed Platforms.Deploy.0 = Release|x86
		{729911EF-B9A1-46D7-96AD-27FEE18B7E85}.Release|x64.ActiveCfg = Release|Any CPU
		{729911EF-B9A1-46D7-96AD-27FEE18B7E85}.Release|x86.ActiveCfg = Release|x86
		{729911EF-B9A1-46D7-96AD-27FEE18B7E85}.Release|x86.Build.0 = Release|x86
		{729911EF-B9A1-46D7-96AD-27FEE18B7E85}.Release|x86.Deploy.0 = Release|x86
		{00793D64-59DD-4D7E-9B49-D2EB680C2ACE}.Ad-Hoc|Any CPU.ActiveCfg = Release|Any CPU
		{00793D64-59DD-4D7E-9B49-D2EB680C2ACE}.Ad-Hoc|Any CPU.Build.0 = Release|Any CPU
		{00793D64-59DD-4D7E-9B49-D2EB680C2ACE}.Ad-Hoc|ARM.ActiveCfg = Release|Any CPU
		{00793D64-59DD-4D7E-9B49-D2EB680C2ACE}.Ad-Hoc|ARM.Build.0 = Release|Any CPU
		{00793D64-59DD-4D7E-9B49-D2EB680C2ACE}.Ad-Hoc|iPhone.ActiveCfg = Release|Any CPU
		{00793D64-59DD-4D7E-9B49-D2EB680C2ACE}.Ad-Hoc|iPhone.Build.0 = Release|Any CPU
		{00793D64-59DD-4D7E-9B49-D2EB680C2ACE}.Ad-Hoc|iPhoneSimulator.ActiveCfg = Release|Any CPU
		{00793D64-59DD-4D7E-9B49-D2EB680C2ACE}.Ad-Hoc|iPhoneSimulator.Build.0 = Release|Any CPU
		{00793D64-59DD-4D7E-9B49-D2EB680C2ACE}.Ad-Hoc|Mixed Platforms.ActiveCfg = Release|Any CPU
		{00793D64-59DD-4D7E-9B49-D2EB680C2ACE}.Ad-Hoc|Mixed Platforms.Build.0 = Release|Any CPU
		{00793D64-59DD-4D7E-9B49-D2EB680C2ACE}.Ad-Hoc|x64.ActiveCfg = Release|Any CPU
		{00793D64-59DD-4D7E-9B49-D2EB680C2ACE}.Ad-Hoc|x64.Build.0 = Release|Any CPU
		{00793D64-59DD-4D7E-9B49-D2EB680C2ACE}.Ad-Hoc|x86.ActiveCfg = Release|Any CPU
		{00793D64-59DD-4D7E-9B49-D2EB680C2ACE}.Ad-Hoc|x86.Build.0 = Release|Any CPU
		{00793D64-59DD-4D7E-9B49-D2EB680C2ACE}.AppStore|Any CPU.ActiveCfg = Release|Any CPU
		{00793D64-59DD-4D7E-9B49-D2EB680C2ACE}.AppStore|Any CPU.Build.0 = Release|Any CPU
		{00793D64-59DD-4D7E-9B49-D2EB680C2ACE}.AppStore|ARM.ActiveCfg = Release|Any CPU
		{00793D64-59DD-4D7E-9B49-D2EB680C2ACE}.AppStore|ARM.Build.0 = Release|Any CPU
		{00793D64-59DD-4D7E-9B49-D2EB680C2ACE}.AppStore|iPhone.ActiveCfg = Release|Any CPU
		{00793D64-59DD-4D7E-9B49-D2EB680C2ACE}.AppStore|iPhone.Build.0 = Release|Any CPU
		{00793D64-59DD-4D7E-9B49-D2EB680C2ACE}.AppStore|iPhoneSimulator.ActiveCfg = Release|Any CPU
		{00793D64-59DD-4D7E-9B49-D2EB680C2ACE}.AppStore|iPhoneSimulator.Build.0 = Release|Any CPU
		{00793D64-59DD-4D7E-9B49-D2EB680C2ACE}.AppStore|Mixed Platforms.ActiveCfg = Release|Any CPU
		{00793D64-59DD-4D7E-9B49-D2EB680C2ACE}.AppStore|Mixed Platforms.Build.0 = Release|Any CPU
		{00793D64-59DD-4D7E-9B49-D2EB680C2ACE}.AppStore|x64.ActiveCfg = Release|Any CPU
		{00793D64-59DD-4D7E-9B49-D2EB680C2ACE}.AppStore|x64.Build.0 = Release|Any CPU
		{00793D64-59DD-4D7E-9B49-D2EB680C2ACE}.AppStore|x86.ActiveCfg = Release|Any CPU
		{00793D64-59DD-4D7E-9B49-D2EB680C2ACE}.AppStore|x86.Build.0 = Release|Any CPU
		{00793D64-59DD-4D7E-9B49-D2EB680C2ACE}.Debug|Any CPU.ActiveCfg = Debug|Any CPU
		{00793D64-59DD-4D7E-9B49-D2EB680C2ACE}.Debug|Any CPU.Build.0 = Debug|Any CPU
		{00793D64-59DD-4D7E-9B49-D2EB680C2ACE}.Debug|ARM.ActiveCfg = Debug|Any CPU
		{00793D64-59DD-4D7E-9B49-D2EB680C2ACE}.Debug|ARM.Build.0 = Debug|Any CPU
		{00793D64-59DD-4D7E-9B49-D2EB680C2ACE}.Debug|iPhone.ActiveCfg = Debug|Any CPU
		{00793D64-59DD-4D7E-9B49-D2EB680C2ACE}.Debug|iPhone.Build.0 = Debug|Any CPU
		{00793D64-59DD-4D7E-9B49-D2EB680C2ACE}.Debug|iPhoneSimulator.ActiveCfg = Debug|Any CPU
		{00793D64-59DD-4D7E-9B49-D2EB680C2ACE}.Debug|iPhoneSimulator.Build.0 = Debug|Any CPU
		{00793D64-59DD-4D7E-9B49-D2EB680C2ACE}.Debug|Mixed Platforms.ActiveCfg = Debug|Any CPU
		{00793D64-59DD-4D7E-9B49-D2EB680C2ACE}.Debug|Mixed Platforms.Build.0 = Debug|Any CPU
		{00793D64-59DD-4D7E-9B49-D2EB680C2ACE}.Debug|x64.ActiveCfg = Debug|Any CPU
		{00793D64-59DD-4D7E-9B49-D2EB680C2ACE}.Debug|x64.Build.0 = Debug|Any CPU
		{00793D64-59DD-4D7E-9B49-D2EB680C2ACE}.Debug|x86.ActiveCfg = Debug|Any CPU
		{00793D64-59DD-4D7E-9B49-D2EB680C2ACE}.Debug|x86.Build.0 = Debug|Any CPU
		{00793D64-59DD-4D7E-9B49-D2EB680C2ACE}.Release|Any CPU.ActiveCfg = Release|Any CPU
		{00793D64-59DD-4D7E-9B49-D2EB680C2ACE}.Release|Any CPU.Build.0 = Release|Any CPU
		{00793D64-59DD-4D7E-9B49-D2EB680C2ACE}.Release|ARM.ActiveCfg = Release|Any CPU
		{00793D64-59DD-4D7E-9B49-D2EB680C2ACE}.Release|ARM.Build.0 = Release|Any CPU
		{00793D64-59DD-4D7E-9B49-D2EB680C2ACE}.Release|iPhone.ActiveCfg = Release|Any CPU
		{00793D64-59DD-4D7E-9B49-D2EB680C2ACE}.Release|iPhone.Build.0 = Release|Any CPU
		{00793D64-59DD-4D7E-9B49-D2EB680C2ACE}.Release|iPhoneSimulator.ActiveCfg = Release|Any CPU
		{00793D64-59DD-4D7E-9B49-D2EB680C2ACE}.Release|iPhoneSimulator.Build.0 = Release|Any CPU
		{00793D64-59DD-4D7E-9B49-D2EB680C2ACE}.Release|Mixed Platforms.ActiveCfg = Release|Any CPU
		{00793D64-59DD-4D7E-9B49-D2EB680C2ACE}.Release|Mixed Platforms.Build.0 = Release|Any CPU
		{00793D64-59DD-4D7E-9B49-D2EB680C2ACE}.Release|x64.ActiveCfg = Release|Any CPU
		{00793D64-59DD-4D7E-9B49-D2EB680C2ACE}.Release|x64.Build.0 = Release|Any CPU
		{00793D64-59DD-4D7E-9B49-D2EB680C2ACE}.Release|x86.ActiveCfg = Release|Any CPU
		{00793D64-59DD-4D7E-9B49-D2EB680C2ACE}.Release|x86.Build.0 = Release|Any CPU
	EndGlobalSection
	GlobalSection(SolutionProperties) = preSolution
		HideSolutionNode = FALSE
	EndGlobalSection
	GlobalSection(NestedProjects) = preSolution
		{80F7FCA2-3CF2-40BD-9BBB-0296284D9700} = {D526B98D-1586-4CA7-8A01-1971C9851AF2}
		{3EECC8CC-660B-4727-A18A-1C751DA33330} = {D526B98D-1586-4CA7-8A01-1971C9851AF2}
		{729911EF-B9A1-46D7-96AD-27FEE18B7E85} = {D526B98D-1586-4CA7-8A01-1971C9851AF2}
	EndGlobalSection
	GlobalSection(MonoDevelopProperties) = preSolution
		StartupItem = RMV.Awesome.Android\RMV.Awesome.Android.csproj
	EndGlobalSection
EndGlobal
